{
  "name": "commiter",
  "version": "0.2.1",
  "lockfileVersion": 1,
  "requires": true,
  "dependencies": {
    "dayjs": {
      "version": "1.8.18",
      "resolved": "https://registry.npmjs.org/dayjs/-/dayjs-1.8.18.tgz",
      "integrity": "sha512-JBMJZghNK8TtuoPnKNIzW9xavVVigld/zmZNpZSyQbkb2Opp55YIfZUpE4OEqPF/iyUVQTKcn1bC2HtC8B7s3g=="
    },
    "fs": {
      "version": "0.0.1-security",
      "resolved": "https://registry.npmjs.org/fs/-/fs-0.0.1-security.tgz",
      "integrity": "sha1-invTcYa23d84E/I4WLV+yq9eQdQ="
    }
  }
}
