{
  "name": "commiter",
  "version": "2.0.0",
  "lockfileVersion": 1,
  "requires": true,
  "dependencies": {
    "dayjs": {
      "version": "1.8.19",
      "resolved": "https://registry.npmjs.org/dayjs/-/dayjs-1.8.19.tgz",
      "integrity": "sha512-7kqOoj3oQSmqbvtvGFLU5iYqies+SqUiEGNT0UtUPPxcPYgY1BrkXR0Cq2R9HYSimBXN+xHkEN4Hi399W+Ovlg=="
    },
    "fs": {
      "version": "0.0.1-security",
      "resolved": "https://registry.npmjs.org/fs/-/fs-0.0.1-security.tgz",
      "integrity": "sha1-invTcYa23d84E/I4WLV+yq9eQdQ="
    }
  }
}
